
Microsoft Visual Studio Solution File, Format Version 12.00
# Visual Studio Version 16
VisualStudioVersion = 16.0.30011.22
MinimumVisualStudioVersion = 10.0.40219.1
Project("{FAE04EC0-301F-11D3-BF4B-00C04F79EFBC}") = "chinesezodiac", "chinesezodiac\chinesezodiac.csproj", "{76D0E385-05FC-4A9A-84CB-5B8CDCE8A690}"
EndProject
Global
	GlobalSection(SolutionConfigurationPlatforms) = preSolution
		Debug|Any CPU = Debug|Any CPU
		Release|Any CPU = Release|Any CPU
	EndGlobalSection
	GlobalSection(ProjectConfigurationPlatforms) = postSolution
		{76D0E385-05FC-4A9A-84CB-5B8CDCE8A690}.Debug|Any CPU.ActiveCfg = Debug|Any CPU
		{76D0E385-05FC-4A9A-84CB-5B8CDCE8A690}.Debug|Any CPU.Build.0 = Debug|Any CPU
		{76D0E385-05FC-4A9A-84CB-5B8CDCE8A690}.Release|Any CPU.ActiveCfg = Release|Any CPU
		{76D0E385-05FC-4A9A-84CB-5B8CDCE8A690}.Release|Any CPU.Build.0 = Release|Any CPU
	EndGlobalSection
	GlobalSection(SolutionProperties) = preSolution
		HideSolutionNode = FALSE
	EndGlobalSection
	GlobalSection(ExtensibilityGlobals) = postSolution
		SolutionGuid = {C1BB90A0-1597-4EED-9DEF-55609856C1B6}
	EndGlobalSection
EndGlobal
